{
  "name": "localsharedmemory",
  "version": "1.1.1",
  "lockfileVersion": 3,
  "requires": true,
  "packages": {
    "": {
      "name": "localsharedmemory",
      "version": "1.1.1",
      "license": "ISC",
      "dependencies": {
        "localsharedmemory": "^1.1.1",
        "niceenum": "^1.0.0"
      }
    },
    "node_modules/localsharedmemory": {
      "version": "1.1.1",
      "resolved": "https://registry.npmjs.org/localsharedmemory/-/localsharedmemory-1.1.1.tgz",
      "integrity": "sha512-agGgAVFCWSZ0bucTSkoghUCKe2YXD0Cm7WcjP5wdGeTYZalbx2prVLO/EZSNCgFhH6V634TA4iBTjcNmOrJ/Tw==",
      "license": "ISC"
    },
    "node_modules/niceenum": {
      "version": "1.0.5",
      "resolved": "https://registry.npmjs.org/niceenum/-/niceenum-1.0.5.tgz",
      "integrity": "sha512-Ig62l71F6izYhy8zMoVh9T3wQCM00IDh0mDf0gC8840e3c05MYPxT0Smj7M3Cw0MCHEaqpUbgmt3bP161E5t3w==",
      "license": "ISC"
    }
  }
}
